{
  "version": 4,
  "terraform_version": "1.5.7",
  "serial": 1,
  "lineage": "d3dd95fe-d2bb-19d1-ef48-eae25c03291d",
  "outputs": {},
  "resources": [
    {
      "mode": "managed",
      "type": "multipass_instance",
      "name": "rancher_master",
      "provider": "provider[\"registry.terraform.io/larstobi/multipass\"]",
      "instances": [
        {
          "schema_version": 0,
          "attributes": {
            "cloudinit_file": "",
            "cpus": 4,
            "disk": "20G",
            "image": "22.04",
            "memory": "4G",
            "name": "rancher-master"
          },
          "sensitive_attributes": []
        }
      ]
    }
  ],
  "check_results": null
}
